
Microsoft Visual Studio Solution File, Format Version 12.00
# Visual Studio Version 16
VisualStudioVersion = 16.0.30413.136
MinimumVisualStudioVersion = 10.0.40219.1
Project("{FAE04EC0-301F-11D3-BF4B-00C04F79EFBC}") = "IPAddressUtilizationFunction", "IPAddressUtilizationFunction\IPAddressUtilizationFunction.csproj", "{8E48B870-C518-408D-B609-B0F5CEEA7CC3}"
EndProject
Global
	GlobalSection(SolutionConfigurationPlatforms) = preSolution
		Debug|Any CPU = Debug|Any CPU
		Release|Any CPU = Release|Any CPU
	EndGlobalSection
	GlobalSection(ProjectConfigurationPlatforms) = postSolution
		{8E48B870-C518-408D-B609-B0F5CEEA7CC3}.Debug|Any CPU.ActiveCfg = Debug|Any CPU
		{8E48B870-C518-408D-B609-B0F5CEEA7CC3}.Debug|Any CPU.Build.0 = Debug|Any CPU
		{8E48B870-C518-408D-B609-B0F5CEEA7CC3}.Release|Any CPU.ActiveCfg = Release|Any CPU
		{8E48B870-C518-408D-B609-B0F5CEEA7CC3}.Release|Any CPU.Build.0 = Release|Any CPU
	EndGlobalSection
	GlobalSection(SolutionProperties) = preSolution
		HideSolutionNode = FALSE
	EndGlobalSection
	GlobalSection(ExtensibilityGlobals) = postSolution
		SolutionGuid = {45CD9FEF-F592-4D96-A8AA-7F0783EC21A4}
	EndGlobalSection
EndGlobal
