
Microsoft Visual Studio Solution File, Format Version 12.00
# Visual Studio Version 16
VisualStudioVersion = 16.0.30011.22
MinimumVisualStudioVersion = 10.0.40219.1
Project("{9A19103F-16F7-4668-BE54-9A1E7A4F7556}") = "LogGenerator", "LogGenerator\LogGenerator.csproj", "{238BADE5-AC6E-46E6-B118-2A1CE3EC8786}"
EndProject
Project("{FAE04EC0-301F-11D3-BF4B-00C04F79EFBC}") = "LogAnalyticsToEventHub", "LogAnalyticsToEventHub\LogAnalyticsToEventHub.csproj", "{199A4264-0673-4BA1-AB8E-23D1A81B26B9}"
EndProject
Global
	GlobalSection(SolutionConfigurationPlatforms) = preSolution
		Debug|Any CPU = Debug|Any CPU
		Release|Any CPU = Release|Any CPU
	EndGlobalSection
	GlobalSection(ProjectConfigurationPlatforms) = postSolution
		{238BADE5-AC6E-46E6-B118-2A1CE3EC8786}.Debug|Any CPU.ActiveCfg = Debug|Any CPU
		{238BADE5-AC6E-46E6-B118-2A1CE3EC8786}.Debug|Any CPU.Build.0 = Debug|Any CPU
		{238BADE5-AC6E-46E6-B118-2A1CE3EC8786}.Release|Any CPU.ActiveCfg = Release|Any CPU
		{238BADE5-AC6E-46E6-B118-2A1CE3EC8786}.Release|Any CPU.Build.0 = Release|Any CPU
		{199A4264-0673-4BA1-AB8E-23D1A81B26B9}.Debug|Any CPU.ActiveCfg = Debug|Any CPU
		{199A4264-0673-4BA1-AB8E-23D1A81B26B9}.Debug|Any CPU.Build.0 = Debug|Any CPU
		{199A4264-0673-4BA1-AB8E-23D1A81B26B9}.Release|Any CPU.ActiveCfg = Release|Any CPU
		{199A4264-0673-4BA1-AB8E-23D1A81B26B9}.Release|Any CPU.Build.0 = Release|Any CPU
	EndGlobalSection
	GlobalSection(SolutionProperties) = preSolution
		HideSolutionNode = FALSE
	EndGlobalSection
	GlobalSection(ExtensibilityGlobals) = postSolution
		SolutionGuid = {B5A2E96B-CAA6-4169-8DA7-2B6E74BF2318}
	EndGlobalSection
EndGlobal
