
Microsoft Visual Studio Solution File, Format Version 12.00
# Visual Studio Version 17
VisualStudioVersion = 17.7.34003.232
MinimumVisualStudioVersion = 10.0.40219.1
Project("{9A19103F-16F7-4668-BE54-9A1E7A4F7556}") = "WebAPIApp1", "WebAPIApp1\WebAPIApp1.csproj", "{65C9EF85-EBD0-40B8-A94D-AD054C20A2ED}"
EndProject
Project("{9A19103F-16F7-4668-BE54-9A1E7A4F7556}") = "WebApp1", "WebApp1\WebApp1.csproj", "{8CA00D02-6215-45CC-A291-B52496D29F0C}"
EndProject
Project("{9A19103F-16F7-4668-BE54-9A1E7A4F7556}") = "WebAppDapr1", "WebAppDapr1\WebAppDapr1.csproj", "{1F49F166-B02E-4B21-85C0-7F9C4F26737E}"
EndProject
Global
	GlobalSection(SolutionConfigurationPlatforms) = preSolution
		Debug|Any CPU = Debug|Any CPU
		Release|Any CPU = Release|Any CPU
	EndGlobalSection
	GlobalSection(ProjectConfigurationPlatforms) = postSolution
		{65C9EF85-EBD0-40B8-A94D-AD054C20A2ED}.Debug|Any CPU.ActiveCfg = Debug|Any CPU
		{65C9EF85-EBD0-40B8-A94D-AD054C20A2ED}.Debug|Any CPU.Build.0 = Debug|Any CPU
		{65C9EF85-EBD0-40B8-A94D-AD054C20A2ED}.Release|Any CPU.ActiveCfg = Release|Any CPU
		{65C9EF85-EBD0-40B8-A94D-AD054C20A2ED}.Release|Any CPU.Build.0 = Release|Any CPU
		{8CA00D02-6215-45CC-A291-B52496D29F0C}.Debug|Any CPU.ActiveCfg = Debug|Any CPU
		{8CA00D02-6215-45CC-A291-B52496D29F0C}.Debug|Any CPU.Build.0 = Debug|Any CPU
		{8CA00D02-6215-45CC-A291-B52496D29F0C}.Release|Any CPU.ActiveCfg = Release|Any CPU
		{8CA00D02-6215-45CC-A291-B52496D29F0C}.Release|Any CPU.Build.0 = Release|Any CPU
		{1F49F166-B02E-4B21-85C0-7F9C4F26737E}.Debug|Any CPU.ActiveCfg = Debug|Any CPU
		{1F49F166-B02E-4B21-85C0-7F9C4F26737E}.Debug|Any CPU.Build.0 = Debug|Any CPU
		{1F49F166-B02E-4B21-85C0-7F9C4F26737E}.Release|Any CPU.ActiveCfg = Release|Any CPU
		{1F49F166-B02E-4B21-85C0-7F9C4F26737E}.Release|Any CPU.Build.0 = Release|Any CPU
	EndGlobalSection
	GlobalSection(SolutionProperties) = preSolution
		HideSolutionNode = FALSE
	EndGlobalSection
	GlobalSection(ExtensibilityGlobals) = postSolution
		SolutionGuid = {DC6609DA-EDFC-4156-87B9-9697D34B41AC}
	EndGlobalSection
EndGlobal
